
Microsoft Visual Studio Solution File, Format Version 12.00
# Visual Studio 15
Project("{FAE04EC0-301F-11D3-BF4B-00C04F79EFBC}") = "SteamVR", "SteamVR.csproj", "{993DAF92-9711-DCC4-9A6C-174E794E9068}"
EndProject
Project("{FAE04EC0-301F-11D3-BF4B-00C04F79EFBC}") = "Assembly-CSharp", "Assembly-CSharp.csproj", "{51AF0FC1-8D22-DA94-183F-491027D17943}"
EndProject
Project("{FAE04EC0-301F-11D3-BF4B-00C04F79EFBC}") = "SteamVR_Actions", "SteamVR_Actions.csproj", "{FE57A252-CC85-F942-73C3-7AA4C6E89EC2}"
EndProject
Project("{FAE04EC0-301F-11D3-BF4B-00C04F79EFBC}") = "SteamVR_Editor", "SteamVR_Editor.csproj", "{228BBC24-6006-BC70-421B-540C2905EF0D}"
EndProject
Project("{FAE04EC0-301F-11D3-BF4B-00C04F79EFBC}") = "SteamVR_Input_Editor", "SteamVR_Input_Editor.csproj", "{D4A8B931-22A4-D29A-B335-26B80BFB4A0C}"
EndProject
Project("{FAE04EC0-301F-11D3-BF4B-00C04F79EFBC}") = "SteamVR_Windows_EditorHelper", "SteamVR_Windows_EditorHelper.csproj", "{B502FD7F-7864-43A0-08D9-6A24CAF32DF1}"
EndProject
Global
	GlobalSection(SolutionConfigurationPlatforms) = preSolution
		Debug|Any CPU = Debug|Any CPU
		Release|Any CPU = Release|Any CPU
	EndGlobalSection
	GlobalSection(ProjectConfigurationPlatforms) = postSolution
		{993DAF92-9711-DCC4-9A6C-174E794E9068}.Debug|Any CPU.ActiveCfg = Debug|Any CPU
		{993DAF92-9711-DCC4-9A6C-174E794E9068}.Debug|Any CPU.Build.0 = Debug|Any CPU
		{993DAF92-9711-DCC4-9A6C-174E794E9068}.Release|Any CPU.ActiveCfg = Release|Any CPU
		{993DAF92-9711-DCC4-9A6C-174E794E9068}.Release|Any CPU.Build.0 = Release|Any CPU
		{51AF0FC1-8D22-DA94-183F-491027D17943}.Debug|Any CPU.ActiveCfg = Debug|Any CPU
		{51AF0FC1-8D22-DA94-183F-491027D17943}.Debug|Any CPU.Build.0 = Debug|Any CPU
		{51AF0FC1-8D22-DA94-183F-491027D17943}.Release|Any CPU.ActiveCfg = Release|Any CPU
		{51AF0FC1-8D22-DA94-183F-491027D17943}.Release|Any CPU.Build.0 = Release|Any CPU
		{FE57A252-CC85-F942-73C3-7AA4C6E89EC2}.Debug|Any CPU.ActiveCfg = Debug|Any CPU
		{FE57A252-CC85-F942-73C3-7AA4C6E89EC2}.Debug|Any CPU.Build.0 = Debug|Any CPU
		{FE57A252-CC85-F942-73C3-7AA4C6E89EC2}.Release|Any CPU.ActiveCfg = Release|Any CPU
		{FE57A252-CC85-F942-73C3-7AA4C6E89EC2}.Release|Any CPU.Build.0 = Release|Any CPU
		{228BBC24-6006-BC70-421B-540C2905EF0D}.Debug|Any CPU.ActiveCfg = Debug|Any CPU
		{228BBC24-6006-BC70-421B-540C2905EF0D}.Debug|Any CPU.Build.0 = Debug|Any CPU
		{228BBC24-6006-BC70-421B-540C2905EF0D}.Release|Any CPU.ActiveCfg = Release|Any CPU
		{228BBC24-6006-BC70-421B-540C2905EF0D}.Release|Any CPU.Build.0 = Release|Any CPU
		{D4A8B931-22A4-D29A-B335-26B80BFB4A0C}.Debug|Any CPU.ActiveCfg = Debug|Any CPU
		{D4A8B931-22A4-D29A-B335-26B80BFB4A0C}.Debug|Any CPU.Build.0 = Debug|Any CPU
		{D4A8B931-22A4-D29A-B335-26B80BFB4A0C}.Release|Any CPU.ActiveCfg = Release|Any CPU
		{D4A8B931-22A4-D29A-B335-26B80BFB4A0C}.Release|Any CPU.Build.0 = Release|Any CPU
		{B502FD7F-7864-43A0-08D9-6A24CAF32DF1}.Debug|Any CPU.ActiveCfg = Debug|Any CPU
		{B502FD7F-7864-43A0-08D9-6A24CAF32DF1}.Debug|Any CPU.Build.0 = Debug|Any CPU
		{B502FD7F-7864-43A0-08D9-6A24CAF32DF1}.Release|Any CPU.ActiveCfg = Release|Any CPU
		{B502FD7F-7864-43A0-08D9-6A24CAF32DF1}.Release|Any CPU.Build.0 = Release|Any CPU
	EndGlobalSection
	GlobalSection(SolutionProperties) = preSolution
		HideSolutionNode = FALSE
	EndGlobalSection
EndGlobal
